#MicroXplorer Configuration settings - do not modify
Mcu.Family=STM32L4
RCC.MSI_VALUE=4000000
ProjectManager.MainLocation=Core/Src
PA6.Mode=Full_Duplex_Master
RCC.PLLQoutputFreq_Value=16000000
ProjectManager.ProjectFileName=spi_testing.ioc
VP_SYS_VS_tim6.Mode=TIM6
RCC.SAI1Freq_Value=4571428.571428572
FREERTOS.Tasks01=BlinkTask,16,128,Task_Blink,Default,NULL,Dynamic,NULL,NULL;SPI_Manager,24,128,Task_SPI,Default,NULL,Dynamic,NULL,NULL
PA7.Mode=Full_Duplex_Master
ProjectManager.KeepUserCode=true
Mcu.UserName=STM32L476RGTx
Mcu.PinsNb=7
SPI1.VirtualType=VM_MASTER
ProjectManager.NoMain=false
NVIC.TIM6_DAC_IRQn=true\:0\:0\:false\:false\:true\:false\:false\:true
SPI1.IPParameters=VirtualType,Mode,Direction,CalculateBaudRate,DataSize,BaudRatePrescaler,NSSPMode
NVIC.SavedSvcallIrqHandlerGenerated=true
RCC.PLLSAI1RoutputFreq_Value=16000000
ProjectManager.functionlistsort=1-MX_GPIO_Init-GPIO-false-HAL-true,2-SystemClock_Config-RCC-false-HAL-false,3-MX_SPI1_Init-SPI1-false-HAL-true
ProjectManager.DefaultFWLocation=true
ProjectManager.DeletePrevious=true
RCC.VCOSAI2OutputFreq_Value=32000000
PinOutPanel.RotationAngle=0
RCC.FamilyName=M
ProjectManager.StackSize=0x400
PB3\ (JTDO-TRACESWO).Signal=SPI1_SCK
VP_FREERTOS_VS_CMSIS_V2.Mode=CMSIS_V2
Mcu.IP4=SYS
Mcu.IP2=RCC
NVIC.SVCall_IRQn=true\:0\:0\:false\:false\:false\:false\:false\:false
Mcu.IP3=SPI1
Mcu.IP0=FREERTOS
Mcu.IP1=NVIC
Mcu.UserConstants=
RCC.VCOSAI1OutputFreq_Value=32000000
ProjectManager.TargetToolchain=STM32CubeIDE
Mcu.ThirdPartyNb=0
SPI1.Direction=SPI_DIRECTION_2LINES
Mcu.IPNb=5
ProjectManager.PreviousToolchain=
PB6.Signal=GPIO_Output
SPI1.CalculateBaudRate=2.0 MBits/s
Mcu.Pin6=VP_SYS_VS_tim6
RCC.SAI2Freq_Value=4571428.571428572
ProjectManager.RegisterCallBack=
FREERTOS.IPParameters=Tasks01,FootprintOK
RCC.LSE_VALUE=32768
RCC.PLLSAI1PoutputFreq_Value=4571428.571428572
Mcu.Pin0=PA5
Mcu.Pin1=PA6
Mcu.Pin2=PA7
Mcu.Pin3=PB3 (JTDO-TRACESWO)
Mcu.Pin4=PB6
Mcu.Pin5=VP_FREERTOS_VS_CMSIS_V2
RCC.PLLSAI2RoutputFreq_Value=16000000
PA5.Signal=GPIO_Output
ProjectManager.ProjectBuild=false
RCC.HSE_VALUE=8000000
NVIC.UsageFault_IRQn=true\:0\:0\:false\:false\:true\:false\:false\:false
NVIC.DebugMonitor_IRQn=true\:0\:0\:false\:false\:true\:false\:false\:false
board=custom
RCC.VCOOutputFreq_Value=32000000
NVIC.SysTick_IRQn=true\:15\:0\:false\:false\:false\:true\:false\:true
ProjectManager.LastFirmware=true
ProjectManager.FirmwarePackage=STM32Cube FW_L4 V1.17.0
MxDb.Version=DB.6.0.21
VP_SYS_VS_tim6.Signal=SYS_VS_tim6
NVIC.SavedSystickIrqHandlerGenerated=true
ProjectManager.BackupPrevious=false
MxCube.Version=6.2.1
RCC.VCOInputFreq_Value=4000000
SPI1.Mode=SPI_MODE_MASTER
PB3\ (JTDO-TRACESWO).Mode=Full_Duplex_Master
RCC.PLLSAI1QoutputFreq_Value=16000000
SPI1.DataSize=SPI_DATASIZE_16BIT
File.Version=6
NVIC.NonMaskableInt_IRQn=true\:0\:0\:false\:false\:true\:false\:false\:false
RCC.PLLRCLKFreq_Value=16000000
NVIC.PendSV_IRQn=true\:15\:0\:false\:false\:false\:true\:false\:false
PB6.Locked=true
ProjectManager.FreePins=false
RCC.IPParameters=FamilyName,HSE_VALUE,HSI_VALUE,LSCOPinFreq_Value,LSE_VALUE,LSI_VALUE,MSI_VALUE,PLLPoutputFreq_Value,PLLQoutputFreq_Value,PLLRCLKFreq_Value,PLLSAI1PoutputFreq_Value,PLLSAI1QoutputFreq_Value,PLLSAI1RoutputFreq_Value,PLLSAI2PoutputFreq_Value,PLLSAI2RoutputFreq_Value,SAI1Freq_Value,SAI2Freq_Value,VCOInputFreq_Value,VCOOutputFreq_Value,VCOSAI1OutputFreq_Value,VCOSAI2OutputFreq_Value
ProjectManager.AskForMigrate=true
Mcu.Name=STM32L476R(C-E-G)Tx
ProjectManager.HalAssertFull=false
NVIC.SavedPendsvIrqHandlerGenerated=true
SPI1.NSSPMode=SPI_NSS_PULSE_DISABLE
ProjectManager.ProjectName=spi_testing
ProjectManager.UnderRoot=true
VP_FREERTOS_VS_CMSIS_V2.Signal=FREERTOS_VS_CMSIS_V2
ProjectManager.CoupleFile=false
Mcu.Package=LQFP64
PA6.Signal=SPI1_MISO
PA5.Locked=true
NVIC.TimeBase=TIM6_DAC_IRQn
NVIC.ForceEnableDMAVector=true
RCC.PLLSAI2PoutputFreq_Value=4571428.571428572
KeepUserPlacement=false
NVIC.MemoryManagement_IRQn=true\:0\:0\:false\:false\:true\:false\:false\:false
ProjectManager.CompilerOptimize=6
ProjectManager.ToolChainLocation=
RCC.LSI_VALUE=32000
NVIC.TimeBaseIP=TIM6
RCC.LSCOPinFreq_Value=32000
FREERTOS.FootprintOK=true
ProjectManager.HeapSize=0x200
NVIC.HardFault_IRQn=true\:0\:0\:false\:false\:true\:false\:false\:false
ProjectManager.ComputerToolchain=false
RCC.HSI_VALUE=16000000
NVIC.PriorityGroup=NVIC_PRIORITYGROUP_4
RCC.PLLPoutputFreq_Value=4571428.571428572
NVIC.BusFault_IRQn=true\:0\:0\:false\:false\:true\:false\:false\:false
SPI1.BaudRatePrescaler=SPI_BAUDRATEPRESCALER_2
ProjectManager.CustomerFirmwarePackage=
ProjectManager.DeviceId=STM32L476RGTx
ProjectManager.LibraryCopy=1
PA7.Signal=SPI1_MOSI
isbadioc=false
